
Microsoft Visual Studio Solution File, Format Version 12.00
# Visual Studio Version 17
VisualStudioVersion = 17.2.32526.322
MinimumVisualStudioVersion = 10.0.40219.1
Project("{FAE04EC0-301F-11D3-BF4B-00C04F79EFBC}") = "EuphoricProject", "EuphoricProject\EuphoricProject.csproj", "{62D4102F-9497-4868-9F27-9E66D6FB8570}"
EndProject
Global
	GlobalSection(SolutionConfigurationPlatforms) = preSolution
		Debug|Any CPU = Debug|Any CPU
		Release|Any CPU = Release|Any CPU
	EndGlobalSection
	GlobalSection(ProjectConfigurationPlatforms) = postSolution
		{62D4102F-9497-4868-9F27-9E66D6FB8570}.Debug|Any CPU.ActiveCfg = Debug|Any CPU
		{62D4102F-9497-4868-9F27-9E66D6FB8570}.Debug|Any CPU.Build.0 = Debug|Any CPU
		{62D4102F-9497-4868-9F27-9E66D6FB8570}.Release|Any CPU.ActiveCfg = Release|Any CPU
		{62D4102F-9497-4868-9F27-9E66D6FB8570}.Release|Any CPU.Build.0 = Release|Any CPU
	EndGlobalSection
	GlobalSection(SolutionProperties) = preSolution
		HideSolutionNode = FALSE
	EndGlobalSection
	GlobalSection(ExtensibilityGlobals) = postSolution
		SolutionGuid = {32BEAB6F-3C67-4040-8261-DEE1080C005C}
	EndGlobalSection
EndGlobal
